
Microsoft Visual Studio Solution File, Format Version 12.00
# Visual Studio 15
VisualStudioVersion = 15.0.26228.4
MinimumVisualStudioVersion = 15.0.26206.0
Project("{9A19103F-16F7-4668-BE54-9A1E7A4F7556}") = "dnlib.netstandard", "src\dnlib.netstandard.csproj", "{80695BC3-65CA-403E-B161-57D4F6EC5CC3}"
EndProject
Global
	GlobalSection(SolutionConfigurationPlatforms) = preSolution
		Debug|Any CPU = Debug|Any CPU
		Release|Any CPU = Release|Any CPU
	EndGlobalSection
	GlobalSection(ProjectConfigurationPlatforms) = postSolution
		{80695BC3-65CA-403E-B161-57D4F6EC5CC3}.Debug|Any CPU.ActiveCfg = Debug|Any CPU
		{80695BC3-65CA-403E-B161-57D4F6EC5CC3}.Debug|Any CPU.Build.0 = Debug|Any CPU
		{80695BC3-65CA-403E-B161-57D4F6EC5CC3}.Release|Any CPU.ActiveCfg = Release|Any CPU
		{80695BC3-65CA-403E-B161-57D4F6EC5CC3}.Release|Any CPU.Build.0 = Release|Any CPU
	EndGlobalSection
	GlobalSection(SolutionProperties) = preSolution
		HideSolutionNode = FALSE
	EndGlobalSection
	GlobalSection(ExtensibilityGlobals) = postSolution
		SolutionGuid = {DA3B4267-5AB5-4A1D-A0D5-CF49A2882567}
	EndGlobalSection
EndGlobal
