
Microsoft Visual Studio Solution File, Format Version 11.00
# Visual Studio 2010
Project("{FAE04EC0-301F-11D3-BF4B-00C04F79EFBC}") = "dnlib", "src\dnlib.csproj", "{FDFC1237-143F-4919-8318-4926901F4639}"
EndProject
Project("{FAE04EC0-301F-11D3-BF4B-00C04F79EFBC}") = "Examples", "Examples\Examples.csproj", "{F27E72B5-C4BD-40BF-AD19-4C8A99B55872}"
EndProject
Global
	GlobalSection(SolutionConfigurationPlatforms) = preSolution
		Debug|Any CPU = Debug|Any CPU
		Debug|Mixed Platforms = Debug|Mixed Platforms
		Debug|x86 = Debug|x86
		Release|Any CPU = Release|Any CPU
		Release|Mixed Platforms = Release|Mixed Platforms
		Release|x86 = Release|x86
	EndGlobalSection
	GlobalSection(ProjectConfigurationPlatforms) = postSolution
		{FDFC1237-143F-4919-8318-4926901F4639}.Debug|Any CPU.ActiveCfg = Debug|Any CPU
		{FDFC1237-143F-4919-8318-4926901F4639}.Debug|Any CPU.Build.0 = Debug|Any CPU
		{FDFC1237-143F-4919-8318-4926901F4639}.Debug|Mixed Platforms.ActiveCfg = Debug|Any CPU
		{FDFC1237-143F-4919-8318-4926901F4639}.Debug|Mixed Platforms.Build.0 = Debug|Any CPU
		{FDFC1237-143F-4919-8318-4926901F4639}.Debug|x86.ActiveCfg = Debug|Any CPU
		{FDFC1237-143F-4919-8318-4926901F4639}.Release|Any CPU.ActiveCfg = Release|Any CPU
		{FDFC1237-143F-4919-8318-4926901F4639}.Release|Any CPU.Build.0 = Release|Any CPU
		{FDFC1237-143F-4919-8318-4926901F4639}.Release|Mixed Platforms.ActiveCfg = Release|Any CPU
		{FDFC1237-143F-4919-8318-4926901F4639}.Release|Mixed Platforms.Build.0 = Release|Any CPU
		{FDFC1237-143F-4919-8318-4926901F4639}.Release|x86.ActiveCfg = Release|Any CPU
		{F27E72B5-C4BD-40BF-AD19-4C8A99B55872}.Debug|Any CPU.ActiveCfg = Debug|x86
		{F27E72B5-C4BD-40BF-AD19-4C8A99B55872}.Debug|Mixed Platforms.ActiveCfg = Debug|x86
		{F27E72B5-C4BD-40BF-AD19-4C8A99B55872}.Debug|Mixed Platforms.Build.0 = Debug|x86
		{F27E72B5-C4BD-40BF-AD19-4C8A99B55872}.Debug|x86.ActiveCfg = Debug|x86
		{F27E72B5-C4BD-40BF-AD19-4C8A99B55872}.Debug|x86.Build.0 = Debug|x86
		{F27E72B5-C4BD-40BF-AD19-4C8A99B55872}.Release|Any CPU.ActiveCfg = Release|x86
		{F27E72B5-C4BD-40BF-AD19-4C8A99B55872}.Release|Mixed Platforms.ActiveCfg = Release|x86
		{F27E72B5-C4BD-40BF-AD19-4C8A99B55872}.Release|Mixed Platforms.Build.0 = Release|x86
		{F27E72B5-C4BD-40BF-AD19-4C8A99B55872}.Release|x86.ActiveCfg = Release|x86
		{F27E72B5-C4BD-40BF-AD19-4C8A99B55872}.Release|x86.Build.0 = Release|x86
	EndGlobalSection
	GlobalSection(SolutionProperties) = preSolution
		HideSolutionNode = FALSE
	EndGlobalSection
EndGlobal
