
Microsoft Visual Studio Solution File, Format Version 12.00
# Visual Studio Version 16
VisualStudioVersion = 16.0.28729.10
MinimumVisualStudioVersion = 16.0.28729.10
Project("{9A19103F-16F7-4668-BE54-9A1E7A4F7556}") = "dnlib", "src\dnlib.csproj", "{FDFC1237-143F-4919-8318-4926901F4639}"
EndProject
Project("{9A19103F-16F7-4668-BE54-9A1E7A4F7556}") = "Examples", "Examples\Examples.csproj", "{F27E72B5-C4BD-40BF-AD19-4C8A99B55872}"
EndProject
Global
	GlobalSection(SolutionConfigurationPlatforms) = preSolution
		Debug|Any CPU = Debug|Any CPU
		Release|Any CPU = Release|Any CPU
	EndGlobalSection
	GlobalSection(ProjectConfigurationPlatforms) = postSolution
		{FDFC1237-143F-4919-8318-4926901F4639}.Debug|Any CPU.ActiveCfg = Debug|Any CPU
		{FDFC1237-143F-4919-8318-4926901F4639}.Debug|Any CPU.Build.0 = Debug|Any CPU
		{FDFC1237-143F-4919-8318-4926901F4639}.Release|Any CPU.ActiveCfg = Release|Any CPU
		{FDFC1237-143F-4919-8318-4926901F4639}.Release|Any CPU.Build.0 = Release|Any CPU
		{F27E72B5-C4BD-40BF-AD19-4C8A99B55872}.Debug|Any CPU.ActiveCfg = Debug|Any CPU
		{F27E72B5-C4BD-40BF-AD19-4C8A99B55872}.Debug|Any CPU.Build.0 = Debug|Any CPU
		{F27E72B5-C4BD-40BF-AD19-4C8A99B55872}.Release|Any CPU.ActiveCfg = Release|Any CPU
		{F27E72B5-C4BD-40BF-AD19-4C8A99B55872}.Release|Any CPU.Build.0 = Release|Any CPU
	EndGlobalSection
	GlobalSection(SolutionProperties) = preSolution
		HideSolutionNode = FALSE
	EndGlobalSection
	GlobalSection(ExtensibilityGlobals) = postSolution
		SolutionGuid = {49902A67-E85B-44E8-9C4F-26F8854AA894}
	EndGlobalSection
EndGlobal
